
Microsoft Visual Studio Solution File, Format Version 12.00
# Visual Studio Version 17
VisualStudioVersion = 17.7.34024.191
MinimumVisualStudioVersion = 10.0.40219.1
Project("{FAE04EC0-301F-11D3-BF4B-00C04F79EFBC}") = "RockPaperScissors", "RockPaperScissors.csproj", "{D2824B05-ACB3-4D18-B3E7-5A6077E3764E}"
EndProject
Global
	GlobalSection(SolutionConfigurationPlatforms) = preSolution
		Debug|Any CPU = Debug|Any CPU
		Release|Any CPU = Release|Any CPU
	EndGlobalSection
	GlobalSection(ProjectConfigurationPlatforms) = postSolution
		{D2824B05-ACB3-4D18-B3E7-5A6077E3764E}.Debug|Any CPU.ActiveCfg = Debug|Any CPU
		{D2824B05-ACB3-4D18-B3E7-5A6077E3764E}.Debug|Any CPU.Build.0 = Debug|Any CPU
		{D2824B05-ACB3-4D18-B3E7-5A6077E3764E}.Release|Any CPU.ActiveCfg = Release|Any CPU
		{D2824B05-ACB3-4D18-B3E7-5A6077E3764E}.Release|Any CPU.Build.0 = Release|Any CPU
	EndGlobalSection
	GlobalSection(SolutionProperties) = preSolution
		HideSolutionNode = FALSE
	EndGlobalSection
	GlobalSection(ExtensibilityGlobals) = postSolution
		SolutionGuid = {8FD58849-1F77-4349-86E5-E4D8E2777DF4}
	EndGlobalSection
EndGlobal
